// !$*UTF8*$!
{
	archiveVersion = 1;
	classes = {
	};
	objectVersion = 56;
	objects = {

/* Begin PBXBuildFile section */
		5871C0F32BFB438B002C0940 /* ChatPrototypeApp.swift in Sources */ = {isa = PBXBuildFile; fileRef = 5871C0F22BFB438B002C0940 /* ChatPrototypeApp.swift */; };
		5871C0F52BFB438B002C0940 /* ContentView.swift in Sources */ = {isa = PBXBuildFile; fileRef = 5871C0F42BFB438B002C0940 /* ContentView.swift */; };
		5871C0F72BFB438D002C0940 /* Assets.xcassets in Resources */ = {isa = PBXBuildFile; fileRef = 5871C0F62BFB438D002C0940 /* Assets.xcassets */; };
		5871C0FA2BFB438D002C0940 /* Preview Assets.xcassets in Resources */ = {isa = PBXBuildFile; fileRef = 5871C0F92BFB438D002C0940 /* Preview Assets.xcassets */; };
		5871C1042BFB438E002C0940 /* ChatPrototypeTests.swift in Sources */ = {isa = PBXBuildFile; fileRef = 5871C1032BFB438E002C0940 /* ChatPrototypeTests.swift */; };
		5871C10E2BFB438E002C0940 /* ChatPrototypeUITests.swift in Sources */ = {isa = PBXBuildFile; fileRef = 5871C10D2BFB438E002C0940 /* ChatPrototypeUITests.swift */; };
		5871C1102BFB438E002C0940 /* ChatPrototypeUITestsLaunchTests.swift in Sources */ = {isa = PBXBuildFile; fileRef = 5871C10F2BFB438E002C0940 /* ChatPrototypeUITestsLaunchTests.swift */; };
		5871C11D2BFB4AEF002C0940 /* WheatherForecast.swift in Sources */ = {isa = PBXBuildFile; fileRef = 5871C11C2BFB4AEF002C0940 /* WheatherForecast.swift */; };
		5871C13F2BFCDF25002C0940 /* ticket.swift in Sources */ = {isa = PBXBuildFile; fileRef = 5871C13E2BFCDF25002C0940 /* ticket.swift */; };
		5871C1412BFCE5F1002C0940 /* test.swift in Sources */ = {isa = PBXBuildFile; fileRef = 5871C1402BFCE5F1002C0940 /* test.swift */; };
		5871C1432C006295002C0940 /* calendar.swift in Sources */ = {isa = PBXBuildFile; fileRef = 5871C1422C006295002C0940 /* calendar.swift */; };
		5871C1452C006626002C0940 /* ColorExtension.swift in Sources */ = {isa = PBXBuildFile; fileRef = 5871C1442C006626002C0940 /* ColorExtension.swift */; };
		5871C1472C00788F002C0940 /* ticket2.swift in Sources */ = {isa = PBXBuildFile; fileRef = 5871C1462C00788F002C0940 /* ticket2.swift */; };
		5871C1492C0078C6002C0940 /* Array.swift in Sources */ = {isa = PBXBuildFile; fileRef = 5871C1482C0078C6002C0940 /* Array.swift */; };
		58BB7ED72C00B6A400122A03 /* Landmark.swift in Sources */ = {isa = PBXBuildFile; fileRef = 58BB7ED62C00B6A400122A03 /* Landmark.swift */; };
		58BB7ED92C00B8D900122A03 /* LandmarkRow.swift in Sources */ = {isa = PBXBuildFile; fileRef = 58BB7ED82C00B8D900122A03 /* LandmarkRow.swift */; };
		58CCF5F72C044849003B3561 /* Ticket3.swift in Sources */ = {isa = PBXBuildFile; fileRef = 58CCF5F62C044849003B3561 /* Ticket3.swift */; };
		58CCF5F92C044CB3003B3561 /* ModelData.swift in Sources */ = {isa = PBXBuildFile; fileRef = 58CCF5F82C044CB3003B3561 /* ModelData.swift */; };
		58CCF5FB2C0450EF003B3561 /* Ticket3Row.swift in Sources */ = {isa = PBXBuildFile; fileRef = 58CCF5FA2C0450EF003B3561 /* Ticket3Row.swift */; };
/* End PBXBuildFile section */

/* Begin PBXContainerItemProxy section */
		5871C1002BFB438E002C0940 /* PBXContainerItemProxy */ = {
			isa = PBXContainerItemProxy;
			containerPortal = 5871C0E72BFB438B002C0940 /* Project object */;
			proxyType = 1;
			remoteGlobalIDString = 5871C0EE2BFB438B002C0940;
			remoteInfo = ChatPrototype;
		};
		5871C10A2BFB438E002C0940 /* PBXContainerItemProxy */ = {
			isa = PBXContainerItemProxy;
			containerPortal = 5871C0E72BFB438B002C0940 /* Project object */;
			proxyType = 1;
			remoteGlobalIDString = 5871C0EE2BFB438B002C0940;
			remoteInfo = ChatPrototype;
		};
/* End PBXContainerItemProxy section */

/* Begin PBXFileReference section */
		5871C0EF2BFB438B002C0940 /* ChatPrototype.app */ = {isa = PBXFileReference; explicitFileType = wrapper.application; includeInIndex = 0; path = ChatPrototype.app; sourceTree = BUILT_PRODUCTS_DIR; };
		5871C0F22BFB438B002C0940 /* ChatPrototypeApp.swift */ = {isa = PBXFileReference; lastKnownFileType = sourcecode.swift; path = ChatPrototypeApp.swift; sourceTree = "<group>"; };
		5871C0F42BFB438B002C0940 /* ContentView.swift */ = {isa = PBXFileReference; lastKnownFileType = sourcecode.swift; path = ContentView.swift; sourceTree = "<group>"; };
		5871C0F62BFB438D002C0940 /* Assets.xcassets */ = {isa = PBXFileReference; lastKnownFileType = folder.assetcatalog; path = Assets.xcassets; sourceTree = "<group>"; };
		5871C0F92BFB438D002C0940 /* Preview Assets.xcassets */ = {isa = PBXFileReference; lastKnownFileType = folder.assetcatalog; path = "Preview Assets.xcassets"; sourceTree = "<group>"; };
		5871C0FF2BFB438E002C0940 /* ChatPrototypeTests.xctest */ = {isa = PBXFileReference; explicitFileType = wrapper.cfbundle; includeInIndex = 0; path = ChatPrototypeTests.xctest; sourceTree = BUILT_PRODUCTS_DIR; };
		5871C1032BFB438E002C0940 /* ChatPrototypeTests.swift */ = {isa = PBXFileReference; lastKnownFileType = sourcecode.swift; path = ChatPrototypeTests.swift; sourceTree = "<group>"; };
		5871C1092BFB438E002C0940 /* ChatPrototypeUITests.xctest */ = {isa = PBXFileReference; explicitFileType = wrapper.cfbundle; includeInIndex = 0; path = ChatPrototypeUITests.xctest; sourceTree = BUILT_PRODUCTS_DIR; };
		5871C10D2BFB438E002C0940 /* ChatPrototypeUITests.swift */ = {isa = PBXFileReference; lastKnownFileType = sourcecode.swift; path = ChatPrototypeUITests.swift; sourceTree = "<group>"; };
		5871C10F2BFB438E002C0940 /* ChatPrototypeUITestsLaunchTests.swift */ = {isa = PBXFileReference; lastKnownFileType = sourcecode.swift; path = ChatPrototypeUITestsLaunchTests.swift; sourceTree = "<group>"; };
		5871C11C2BFB4AEF002C0940 /* WheatherForecast.swift */ = {isa = PBXFileReference; lastKnownFileType = sourcecode.swift; path = WheatherForecast.swift; sourceTree = "<group>"; };
		5871C13E2BFCDF25002C0940 /* ticket.swift */ = {isa = PBXFileReference; lastKnownFileType = sourcecode.swift; path = ticket.swift; sourceTree = "<group>"; };
		5871C1402BFCE5F1002C0940 /* test.swift */ = {isa = PBXFileReference; lastKnownFileType = sourcecode.swift; path = test.swift; sourceTree = "<group>"; };
		5871C1422C006295002C0940 /* calendar.swift */ = {isa = PBXFileReference; lastKnownFileType = sourcecode.swift; path = calendar.swift; sourceTree = "<group>"; };
		5871C1442C006626002C0940 /* ColorExtension.swift */ = {isa = PBXFileReference; lastKnownFileType = sourcecode.swift; path = ColorExtension.swift; sourceTree = "<group>"; };
		5871C1462C00788F002C0940 /* ticket2.swift */ = {isa = PBXFileReference; lastKnownFileType = sourcecode.swift; path = ticket2.swift; sourceTree = "<group>"; };
		5871C1482C0078C6002C0940 /* Array.swift */ = {isa = PBXFileReference; lastKnownFileType = sourcecode.swift; path = Array.swift; sourceTree = "<group>"; };
		5871C14A2C007951002C0940 /* Information.json */ = {isa = PBXFileReference; lastKnownFileType = text.json; path = Information.json; sourceTree = "<group>"; };
		58BB7ED62C00B6A400122A03 /* Landmark.swift */ = {isa = PBXFileReference; lastKnownFileType = sourcecode.swift; path = Landmark.swift; sourceTree = "<group>"; };
		58BB7ED82C00B8D900122A03 /* LandmarkRow.swift */ = {isa = PBXFileReference; lastKnownFileType = sourcecode.swift; path = LandmarkRow.swift; sourceTree = "<group>"; };
		58CCF5F62C044849003B3561 /* Ticket3.swift */ = {isa = PBXFileReference; lastKnownFileType = sourcecode.swift; path = Ticket3.swift; sourceTree = "<group>"; };
		58CCF5F82C044CB3003B3561 /* ModelData.swift */ = {isa = PBXFileReference; lastKnownFileType = sourcecode.swift; path = ModelData.swift; sourceTree = "<group>"; };
		58CCF5FA2C0450EF003B3561 /* Ticket3Row.swift */ = {isa = PBXFileReference; lastKnownFileType = sourcecode.swift; path = Ticket3Row.swift; sourceTree = "<group>"; };
/* End PBXFileReference section */

/* Begin PBXFrameworksBuildPhase section */
		5871C0EC2BFB438B002C0940 /* Frameworks */ = {
			isa = PBXFrameworksBuildPhase;
			buildActionMask = 2147483647;
			files = (
			);
			runOnlyForDeploymentPostprocessing = 0;
		};
		5871C0FC2BFB438E002C0940 /* Frameworks */ = {
			isa = PBXFrameworksBuildPhase;
			buildActionMask = 2147483647;
			files = (
			);
			runOnlyForDeploymentPostprocessing = 0;
		};
		5871C1062BFB438E002C0940 /* Frameworks */ = {
			isa = PBXFrameworksBuildPhase;
			buildActionMask = 2147483647;
			files = (
			);
			runOnlyForDeploymentPostprocessing = 0;
		};
/* End PBXFrameworksBuildPhase section */

/* Begin PBXGroup section */
		5871C0E62BFB438B002C0940 = {
			isa = PBXGroup;
			children = (
				5871C0F12BFB438B002C0940 /* ChatPrototype */,
				5871C1022BFB438E002C0940 /* ChatPrototypeTests */,
				5871C10C2BFB438E002C0940 /* ChatPrototypeUITests */,
				5871C0F02BFB438B002C0940 /* Products */,
			);
			sourceTree = "<group>";
		};
		5871C0F02BFB438B002C0940 /* Products */ = {
			isa = PBXGroup;
			children = (
				5871C0EF2BFB438B002C0940 /* ChatPrototype.app */,
				5871C0FF2BFB438E002C0940 /* ChatPrototypeTests.xctest */,
				5871C1092BFB438E002C0940 /* ChatPrototypeUITests.xctest */,
			);
			name = Products;
			sourceTree = "<group>";
		};
		5871C0F12BFB438B002C0940 /* ChatPrototype */ = {
			isa = PBXGroup;
			children = (
				58CCF6002C045CFE003B3561 /* Resources */,
				5871C0F22BFB438B002C0940 /* ChatPrototypeApp.swift */,
				5871C0F42BFB438B002C0940 /* ContentView.swift */,
				5871C11C2BFB4AEF002C0940 /* WheatherForecast.swift */,
				5871C13E2BFCDF25002C0940 /* ticket.swift */,
				5871C1482C0078C6002C0940 /* Array.swift */,
				5871C1462C00788F002C0940 /* ticket2.swift */,
				58CCF5F62C044849003B3561 /* Ticket3.swift */,
				58CCF5F82C044CB3003B3561 /* ModelData.swift */,
				58CCF5FA2C0450EF003B3561 /* Ticket3Row.swift */,
				58BB7ED82C00B8D900122A03 /* LandmarkRow.swift */,
				58BB7ED62C00B6A400122A03 /* Landmark.swift */,
				5871C1442C006626002C0940 /* ColorExtension.swift */,
				5871C1422C006295002C0940 /* calendar.swift */,
				5871C1402BFCE5F1002C0940 /* test.swift */,
				5871C0F62BFB438D002C0940 /* Assets.xcassets */,
				5871C0F82BFB438D002C0940 /* Preview Content */,
			);
			path = ChatPrototype;
			sourceTree = "<group>";
		};
		5871C0F82BFB438D002C0940 /* Preview Content */ = {
			isa = PBXGroup;
			children = (
				5871C0F92BFB438D002C0940 /* Preview Assets.xcassets */,
			);
			path = "Preview Content";
			sourceTree = "<group>";
		};
		5871C1022BFB438E002C0940 /* ChatPrototypeTests */ = {
			isa = PBXGroup;
			children = (
				5871C1032BFB438E002C0940 /* ChatPrototypeTests.swift */,
			);
			path = ChatPrototypeTests;
			sourceTree = "<group>";
		};
		5871C10C2BFB438E002C0940 /* ChatPrototypeUITests */ = {
			isa = PBXGroup;
			children = (
				5871C10D2BFB438E002C0940 /* ChatPrototypeUITests.swift */,
				5871C10F2BFB438E002C0940 /* ChatPrototypeUITestsLaunchTests.swift */,
			);
			path = ChatPrototypeUITests;
			sourceTree = "<group>";
		};
		58CCF6002C045CFE003B3561 /* Resources */ = {
			isa = PBXGroup;
			children = (
				5871C14A2C007951002C0940 /* Information.json */,
			);
			path = Resources;
			sourceTree = "<group>";
		};
/* End PBXGroup section */

/* Begin PBXNativeTarget section */
		5871C0EE2BFB438B002C0940 /* ChatPrototype */ = {
			isa = PBXNativeTarget;
			buildConfigurationList = 5871C1132BFB438E002C0940 /* Build configuration list for PBXNativeTarget "ChatPrototype" */;
			buildPhases = (
				5871C0EB2BFB438B002C0940 /* Sources */,
				5871C0EC2BFB438B002C0940 /* Frameworks */,
				5871C0ED2BFB438B002C0940 /* Resources */,
			);
			buildRules = (
			);
			dependencies = (
			);
			name = ChatPrototype;
			productName = ChatPrototype;
			productReference = 5871C0EF2BFB438B002C0940 /* ChatPrototype.app */;
			productType = "com.apple.product-type.application";
		};
		5871C0FE2BFB438E002C0940 /* ChatPrototypeTests */ = {
			isa = PBXNativeTarget;
			buildConfigurationList = 5871C1162BFB438E002C0940 /* Build configuration list for PBXNativeTarget "ChatPrototypeTests" */;
			buildPhases = (
				5871C0FB2BFB438E002C0940 /* Sources */,
				5871C0FC2BFB438E002C0940 /* Frameworks */,
				5871C0FD2BFB438E002C0940 /* Resources */,
			);
			buildRules = (
			);
			dependencies = (
				5871C1012BFB438E002C0940 /* PBXTargetDependency */,
			);
			name = ChatPrototypeTests;
			productName = ChatPrototypeTests;
			productReference = 5871C0FF2BFB438E002C0940 /* ChatPrototypeTests.xctest */;
			productType = "com.apple.product-type.bundle.unit-test";
		};
		5871C1082BFB438E002C0940 /* ChatPrototypeUITests */ = {
			isa = PBXNativeTarget;
			buildConfigurationList = 5871C1192BFB438E002C0940 /* Build configuration list for PBXNativeTarget "ChatPrototypeUITests" */;
			buildPhases = (
				5871C1052BFB438E002C0940 /* Sources */,
				5871C1062BFB438E002C0940 /* Frameworks */,
				5871C1072BFB438E002C0940 /* Resources */,
			);
			buildRules = (
			);
			dependencies = (
				5871C10B2BFB438E002C0940 /* PBXTargetDependency */,
			);
			name = ChatPrototypeUITests;
			productName = ChatPrototypeUITests;
			productReference = 5871C1092BFB438E002C0940 /* ChatPrototypeUITests.xctest */;
			productType = "com.apple.product-type.bundle.ui-testing";
		};
/* End PBXNativeTarget section */

/* Begin PBXProject section */
		5871C0E72BFB438B002C0940 /* Project object */ = {
			isa = PBXProject;
			attributes = {
				BuildIndependentTargetsInParallel = 1;
				LastSwiftUpdateCheck = 1540;
				LastUpgradeCheck = 1540;
				TargetAttributes = {
					5871C0EE2BFB438B002C0940 = {
						CreatedOnToolsVersion = 15.4;
					};
					5871C0FE2BFB438E002C0940 = {
						CreatedOnToolsVersion = 15.4;
						TestTargetID = 5871C0EE2BFB438B002C0940;
					};
					5871C1082BFB438E002C0940 = {
						CreatedOnToolsVersion = 15.4;
						TestTargetID = 5871C0EE2BFB438B002C0940;
					};
				};
			};
			buildConfigurationList = 5871C0EA2BFB438B002C0940 /* Build configuration list for PBXProject "ChatPrototype" */;
			compatibilityVersion = "Xcode 14.0";
			developmentRegion = en;
			hasScannedForEncodings = 0;
			knownRegions = (
				en,
				Base,
			);
			mainGroup = 5871C0E62BFB438B002C0940;
			productRefGroup = 5871C0F02BFB438B002C0940 /* Products */;
			projectDirPath = "";
			projectRoot = "";
			targets = (
				5871C0EE2BFB438B002C0940 /* ChatPrototype */,
				5871C0FE2BFB438E002C0940 /* ChatPrototypeTests */,
				5871C1082BFB438E002C0940 /* ChatPrototypeUITests */,
			);
		};
/* End PBXProject section */

/* Begin PBXResourcesBuildPhase section */
		5871C0ED2BFB438B002C0940 /* Resources */ = {
			isa = PBXResourcesBuildPhase;
			buildActionMask = 2147483647;
			files = (
				5871C0FA2BFB438D002C0940 /* Preview Assets.xcassets in Resources */,
				5871C0F72BFB438D002C0940 /* Assets.xcassets in Resources */,
			);
			runOnlyForDeploymentPostprocessing = 0;
		};
		5871C0FD2BFB438E002C0940 /* Resources */ = {
			isa = PBXResourcesBuildPhase;
			buildActionMask = 2147483647;
			files = (
			);
			runOnlyForDeploymentPostprocessing = 0;
		};
		5871C1072BFB438E002C0940 /* Resources */ = {
			isa = PBXResourcesBuildPhase;
			buildActionMask = 2147483647;
			files = (
			);
			runOnlyForDeploymentPostprocessing = 0;
		};
/* End PBXResourcesBuildPhase section */

/* Begin PBXSourcesBuildPhase section */
		5871C0EB2BFB438B002C0940 /* Sources */ = {
			isa = PBXSourcesBuildPhase;
			buildActionMask = 2147483647;
			files = (
				5871C1492C0078C6002C0940 /* Array.swift in Sources */,
				5871C11D2BFB4AEF002C0940 /* WheatherForecast.swift in Sources */,
				5871C0F52BFB438B002C0940 /* ContentView.swift in Sources */,
				58CCF5F92C044CB3003B3561 /* ModelData.swift in Sources */,
				58CCF5FB2C0450EF003B3561 /* Ticket3Row.swift in Sources */,
				5871C0F32BFB438B002C0940 /* ChatPrototypeApp.swift in Sources */,
				5871C1432C006295002C0940 /* calendar.swift in Sources */,
				5871C1412BFCE5F1002C0940 /* test.swift in Sources */,
				5871C1452C006626002C0940 /* ColorExtension.swift in Sources */,
				5871C1472C00788F002C0940 /* ticket2.swift in Sources */,
				58BB7ED92C00B8D900122A03 /* LandmarkRow.swift in Sources */,
				5871C13F2BFCDF25002C0940 /* ticket.swift in Sources */,
				58BB7ED72C00B6A400122A03 /* Landmark.swift in Sources */,
				58CCF5F72C044849003B3561 /* Ticket3.swift in Sources */,
			);
			runOnlyForDeploymentPostprocessing = 0;
		};
		5871C0FB2BFB438E002C0940 /* Sources */ = {
			isa = PBXSourcesBuildPhase;
			buildActionMask = 2147483647;
			files = (
				5871C1042BFB438E002C0940 /* ChatPrototypeTests.swift in Sources */,
			);
			runOnlyForDeploymentPostprocessing = 0;
		};
		5871C1052BFB438E002C0940 /* Sources */ = {
			isa = PBXSourcesBuildPhase;
			buildActionMask = 2147483647;
			files = (
				5871C10E2BFB438E002C0940 /* ChatPrototypeUITests.swift in Sources */,
				5871C1102BFB438E002C0940 /* ChatPrototypeUITestsLaunchTests.swift in Sources */,
			);
			runOnlyForDeploymentPostprocessing = 0;
		};
/* End PBXSourcesBuildPhase section */

/* Begin PBXTargetDependency section */
		5871C1012BFB438E002C0940 /* PBXTargetDependency */ = {
			isa = PBXTargetDependency;
			target = 5871C0EE2BFB438B002C0940 /* ChatPrototype */;
			targetProxy = 5871C1002BFB438E002C0940 /* PBXContainerItemProxy */;
		};
		5871C10B2BFB438E002C0940 /* PBXTargetDependency */ = {
			isa = PBXTargetDependency;
			target = 5871C0EE2BFB438B002C0940 /* ChatPrototype */;
			targetProxy = 5871C10A2BFB438E002C0940 /* PBXContainerItemProxy */;
		};
/* End PBXTargetDependency section */

/* Begin XCBuildConfiguration section */
		5871C1112BFB438E002C0940 /* Debug */ = {
			isa = XCBuildConfiguration;
			buildSettings = {
				ALWAYS_SEARCH_USER_PATHS = NO;
				ASSETCATALOG_COMPILER_GENERATE_SWIFT_ASSET_SYMBOL_EXTENSIONS = YES;
				CLANG_ANALYZER_NONNULL = YES;
				CLANG_ANALYZER_NUMBER_OBJECT_CONVERSION = YES_AGGRESSIVE;
				CLANG_CXX_LANGUAGE_STANDARD = "gnu++20";
				CLANG_ENABLE_MODULES = YES;
				CLANG_ENABLE_OBJC_ARC = YES;
				CLANG_ENABLE_OBJC_WEAK = YES;
				CLANG_WARN_BLOCK_CAPTURE_AUTORELEASING = YES;
				CLANG_WARN_BOOL_CONVERSION = YES;
				CLANG_WARN_COMMA = YES;
				CLANG_WARN_CONSTANT_CONVERSION = YES;
				CLANG_WARN_DEPRECATED_OBJC_IMPLEMENTATIONS = YES;
				CLANG_WARN_DIRECT_OBJC_ISA_USAGE = YES_ERROR;
				CLANG_WARN_DOCUMENTATION_COMMENTS = YES;
				CLANG_WARN_EMPTY_BODY = YES;
				CLANG_WARN_ENUM_CONVERSION = YES;
				CLANG_WARN_INFINITE_RECURSION = YES;
				CLANG_WARN_INT_CONVERSION = YES;
				CLANG_WARN_NON_LITERAL_NULL_CONVERSION = YES;
				CLANG_WARN_OBJC_IMPLICIT_RETAIN_SELF = YES;
				CLANG_WARN_OBJC_LITERAL_CONVERSION = YES;
				CLANG_WARN_OBJC_ROOT_CLASS = YES_ERROR;
				CLANG_WARN_QUOTED_INCLUDE_IN_FRAMEWORK_HEADER = YES;
				CLANG_WARN_RANGE_LOOP_ANALYSIS = YES;
				CLANG_WARN_STRICT_PROTOTYPES = YES;
				CLANG_WARN_SUSPICIOUS_MOVE = YES;
				CLANG_WARN_UNGUARDED_AVAILABILITY = YES_AGGRESSIVE;
				CLANG_WARN_UNREACHABLE_CODE = YES;
				CLANG_WARN__DUPLICATE_METHOD_MATCH = YES;
				COPY_PHASE_STRIP = NO;
				DEBUG_INFORMATION_FORMAT = dwarf;
				ENABLE_STRICT_OBJC_MSGSEND = YES;
				ENABLE_TESTABILITY = YES;
				ENABLE_USER_SCRIPT_SANDBOXING = YES;
				GCC_C_LANGUAGE_STANDARD = gnu17;
				GCC_DYNAMIC_NO_PIC = NO;
				GCC_NO_COMMON_BLOCKS = YES;
				GCC_OPTIMIZATION_LEVEL = 0;
				GCC_PREPROCESSOR_DEFINITIONS = (
					"DEBUG=1",
					"$(inherited)",
				);
				GCC_WARN_64_TO_32_BIT_CONVERSION = YES;
				GCC_WARN_ABOUT_RETURN_TYPE = YES_ERROR;
				GCC_WARN_UNDECLARED_SELECTOR = YES;
				GCC_WARN_UNINITIALIZED_AUTOS = YES_AGGRESSIVE;
				GCC_WARN_UNUSED_FUNCTION = YES;
				GCC_WARN_UNUSED_VARIABLE = YES;
				IPHONEOS_DEPLOYMENT_TARGET = 17.5;
				LOCALIZATION_PREFERS_STRING_CATALOGS = YES;
				MTL_ENABLE_DEBUG_INFO = INCLUDE_SOURCE;
				MTL_FAST_MATH = YES;
				ONLY_ACTIVE_ARCH = YES;
				SDKROOT = iphoneos;
				SWIFT_ACTIVE_COMPILATION_CONDITIONS = "DEBUG $(inherited)";
				SWIFT_OPTIMIZATION_LEVEL = "-Onone";
			};
			name = Debug;
		};
		5871C1122BFB438E002C0940 /* Release */ = {
			isa = XCBuildConfiguration;
			buildSettings = {
				ALWAYS_SEARCH_USER_PATHS = NO;
				ASSETCATALOG_COMPILER_GENERATE_SWIFT_ASSET_SYMBOL_EXTENSIONS = YES;
				CLANG_ANALYZER_NONNULL = YES;
				CLANG_ANALYZER_NUMBER_OBJECT_CONVERSION = YES_AGGRESSIVE;
				CLANG_CXX_LANGUAGE_STANDARD = "gnu++20";
				CLANG_ENABLE_MODULES = YES;
				CLANG_ENABLE_OBJC_ARC = YES;
				CLANG_ENABLE_OBJC_WEAK = YES;
				CLANG_WARN_BLOCK_CAPTURE_AUTORELEASING = YES;
				CLANG_WARN_BOOL_CONVERSION = YES;
				CLANG_WARN_COMMA = YES;
				CLANG_WARN_CONSTANT_CONVERSION = YES;
				CLANG_WARN_DEPRECATED_OBJC_IMPLEMENTATIONS = YES;
				CLANG_WARN_DIRECT_OBJC_ISA_USAGE = YES_ERROR;
				CLANG_WARN_DOCUMENTATION_COMMENTS = YES;
				CLANG_WARN_EMPTY_BODY = YES;
				CLANG_WARN_ENUM_CONVERSION = YES;
				CLANG_WARN_INFINITE_RECURSION = YES;
				CLANG_WARN_INT_CONVERSION = YES;
				CLANG_WARN_NON_LITERAL_NULL_CONVERSION = YES;
				CLANG_WARN_OBJC_IMPLICIT_RETAIN_SELF = YES;
				CLANG_WARN_OBJC_LITERAL_CONVERSION = YES;
				CLANG_WARN_OBJC_ROOT_CLASS = YES_ERROR;
				CLANG_WARN_QUOTED_INCLUDE_IN_FRAMEWORK_HEADER = YES;
				CLANG_WARN_RANGE_LOOP_ANALYSIS = YES;
				CLANG_WARN_STRICT_PROTOTYPES = YES;
				CLANG_WARN_SUSPICIOUS_MOVE = YES;
				CLANG_WARN_UNGUARDED_AVAILABILITY = YES_AGGRESSIVE;
				CLANG_WARN_UNREACHABLE_CODE = YES;
				CLANG_WARN__DUPLICATE_METHOD_MATCH = YES;
				COPY_PHASE_STRIP = NO;
				DEBUG_INFORMATION_FORMAT = "dwarf-with-dsym";
				ENABLE_NS_ASSERTIONS = NO;
				ENABLE_STRICT_OBJC_MSGSEND = YES;
				ENABLE_USER_SCRIPT_SANDBOXING = YES;
				GCC_C_LANGUAGE_STANDARD = gnu17;
				GCC_NO_COMMON_BLOCKS = YES;
				GCC_WARN_64_TO_32_BIT_CONVERSION = YES;
				GCC_WARN_ABOUT_RETURN_TYPE = YES_ERROR;
				GCC_WARN_UNDECLARED_SELECTOR = YES;
				GCC_WARN_UNINITIALIZED_AUTOS = YES_AGGRESSIVE;
				GCC_WARN_UNUSED_FUNCTION = YES;
				GCC_WARN_UNUSED_VARIABLE = YES;
				IPHONEOS_DEPLOYMENT_TARGET = 17.5;
				LOCALIZATION_PREFERS_STRING_CATALOGS = YES;
				MTL_ENABLE_DEBUG_INFO = NO;
				MTL_FAST_MATH = YES;
				SDKROOT = iphoneos;
				SWIFT_COMPILATION_MODE = wholemodule;
				VALIDATE_PRODUCT = YES;
			};
			name = Release;
		};
		5871C1142BFB438E002C0940 /* Debug */ = {
			isa = XCBuildConfiguration;
			buildSettings = {
				ASSETCATALOG_COMPILER_APPICON_NAME = AppIcon;
				ASSETCATALOG_COMPILER_GLOBAL_ACCENT_COLOR_NAME = AccentColor;
				CODE_SIGN_STYLE = Automatic;
				CURRENT_PROJECT_VERSION = 1;
				DEVELOPMENT_ASSET_PATHS = "\"ChatPrototype/Preview Content\"";
				DEVELOPMENT_TEAM = YQNJ5DKVAB;
				ENABLE_PREVIEWS = YES;
				GENERATE_INFOPLIST_FILE = YES;
				INFOPLIST_KEY_UIApplicationSceneManifest_Generation = YES;
				INFOPLIST_KEY_UIApplicationSupportsIndirectInputEvents = YES;
				INFOPLIST_KEY_UILaunchScreen_Generation = YES;
				INFOPLIST_KEY_UISupportedInterfaceOrientations_iPad = "UIInterfaceOrientationPortrait UIInterfaceOrientationPortraitUpsideDown UIInterfaceOrientationLandscapeLeft UIInterfaceOrientationLandscapeRight";
				INFOPLIST_KEY_UISupportedInterfaceOrientations_iPhone = "UIInterfaceOrientationPortrait UIInterfaceOrientationLandscapeLeft UIInterfaceOrientationLandscapeRight";
				LD_RUNPATH_SEARCH_PATHS = (
					"$(inherited)",
					"@executable_path/Frameworks",
				);
				MARKETING_VERSION = 1.0;
				PRODUCT_BUNDLE_IDENTIFIER = "jp.ac.kyusan-u.ChatPrototype";
				PRODUCT_NAME = "$(TARGET_NAME)";
				SWIFT_EMIT_LOC_STRINGS = YES;
				SWIFT_VERSION = 5.0;
				TARGETED_DEVICE_FAMILY = "1,2";
			};
			name = Debug;
		};
		5871C1152BFB438E002C0940 /* Release */ = {
			isa = XCBuildConfiguration;
			buildSettings = {
				ASSETCATALOG_COMPILER_APPICON_NAME = AppIcon;
				ASSETCATALOG_COMPILER_GLOBAL_ACCENT_COLOR_NAME = AccentColor;
				CODE_SIGN_STYLE = Automatic;
				CURRENT_PROJECT_VERSION = 1;
				DEVELOPMENT_ASSET_PATHS = "\"ChatPrototype/Preview Content\"";
				DEVELOPMENT_TEAM = YQNJ5DKVAB;
				ENABLE_PREVIEWS = YES;
				GENERATE_INFOPLIST_FILE = YES;
				INFOPLIST_KEY_UIApplicationSceneManifest_Generation = YES;
				INFOPLIST_KEY_UIApplicationSupportsIndirectInputEvents = YES;
				INFOPLIST_KEY_UILaunchScreen_Generation = YES;
				INFOPLIST_KEY_UISupportedInterfaceOrientations_iPad = "UIInterfaceOrientationPortrait UIInterfaceOrientationPortraitUpsideDown UIInterfaceOrientationLandscapeLeft UIInterfaceOrientationLandscapeRight";
				INFOPLIST_KEY_UISupportedInterfaceOrientations_iPhone = "UIInterfaceOrientationPortrait UIInterfaceOrientationLandscapeLeft UIInterfaceOrientationLandscapeRight";
				LD_RUNPATH_SEARCH_PATHS = (
					"$(inherited)",
					"@executable_path/Frameworks",
				);
				MARKETING_VERSION = 1.0;
				PRODUCT_BUNDLE_IDENTIFIER = "jp.ac.kyusan-u.ChatPrototype";
				PRODUCT_NAME = "$(TARGET_NAME)";
				SWIFT_EMIT_LOC_STRINGS = YES;
				SWIFT_VERSION = 5.0;
				TARGETED_DEVICE_FAMILY = "1,2";
			};
			name = Release;
		};
		5871C1172BFB438E002C0940 /* Debug */ = {
			isa = XCBuildConfiguration;
			buildSettings = {
				ALWAYS_EMBED_SWIFT_STANDARD_LIBRARIES = YES;
				BUNDLE_LOADER = "$(TEST_HOST)";
				CODE_SIGN_STYLE = Automatic;
				CURRENT_PROJECT_VERSION = 1;
				DEVELOPMENT_TEAM = YQNJ5DKVAB;
				GENERATE_INFOPLIST_FILE = YES;
				IPHONEOS_DEPLOYMENT_TARGET = 17.5;
				MARKETING_VERSION = 1.0;
				PRODUCT_BUNDLE_IDENTIFIER = "jp.ac.kyusan-u.ChatPrototypeTests";
				PRODUCT_NAME = "$(TARGET_NAME)";
				SWIFT_EMIT_LOC_STRINGS = NO;
				SWIFT_VERSION = 5.0;
				TARGETED_DEVICE_FAMILY = "1,2";
				TEST_HOST = "$(BUILT_PRODUCTS_DIR)/ChatPrototype.app/$(BUNDLE_EXECUTABLE_FOLDER_PATH)/ChatPrototype";
			};
			name = Debug;
		};
		5871C1182BFB438E002C0940 /* Release */ = {
			isa = XCBuildConfiguration;
			buildSettings = {
				ALWAYS_EMBED_SWIFT_STANDARD_LIBRARIES = YES;
				BUNDLE_LOADER = "$(TEST_HOST)";
				CODE_SIGN_STYLE = Automatic;
				CURRENT_PROJECT_VERSION = 1;
				DEVELOPMENT_TEAM = YQNJ5DKVAB;
				GENERATE_INFOPLIST_FILE = YES;
				IPHONEOS_DEPLOYMENT_TARGET = 17.5;
				MARKETING_VERSION = 1.0;
				PRODUCT_BUNDLE_IDENTIFIER = "jp.ac.kyusan-u.ChatPrototypeTests";
				PRODUCT_NAME = "$(TARGET_NAME)";
				SWIFT_EMIT_LOC_STRINGS = NO;
				SWIFT_VERSION = 5.0;
				TARGETED_DEVICE_FAMILY = "1,2";
				TEST_HOST = "$(BUILT_PRODUCTS_DIR)/ChatPrototype.app/$(BUNDLE_EXECUTABLE_FOLDER_PATH)/ChatPrototype";
			};
			name = Release;
		};
		5871C11A2BFB438E002C0940 /* Debug */ = {
			isa = XCBuildConfiguration;
			buildSettings = {
				ALWAYS_EMBED_SWIFT_STANDARD_LIBRARIES = YES;
				CODE_SIGN_STYLE = Automatic;
				CURRENT_PROJECT_VERSION = 1;
				DEVELOPMENT_TEAM = YQNJ5DKVAB;
				GENERATE_INFOPLIST_FILE = YES;
				MARKETING_VERSION = 1.0;
				PRODUCT_BUNDLE_IDENTIFIER = "jp.ac.kyusan-u.ChatPrototypeUITests";
				PRODUCT_NAME = "$(TARGET_NAME)";
				SWIFT_EMIT_LOC_STRINGS = NO;
				SWIFT_VERSION = 5.0;
				TARGETED_DEVICE_FAMILY = "1,2";
				TEST_TARGET_NAME = ChatPrototype;
			};
			name = Debug;
		};
		5871C11B2BFB438E002C0940 /* Release */ = {
			isa = XCBuildConfiguration;
			buildSettings = {
				ALWAYS_EMBED_SWIFT_STANDARD_LIBRARIES = YES;
				CODE_SIGN_STYLE = Automatic;
				CURRENT_PROJECT_VERSION = 1;
				DEVELOPMENT_TEAM = YQNJ5DKVAB;
				GENERATE_INFOPLIST_FILE = YES;
				MARKETING_VERSION = 1.0;
				PRODUCT_BUNDLE_IDENTIFIER = "jp.ac.kyusan-u.ChatPrototypeUITests";
				PRODUCT_NAME = "$(TARGET_NAME)";
				SWIFT_EMIT_LOC_STRINGS = NO;
				SWIFT_VERSION = 5.0;
				TARGETED_DEVICE_FAMILY = "1,2";
				TEST_TARGET_NAME = ChatPrototype;
			};
			name = Release;
		};
/* End XCBuildConfiguration section */

/* Begin XCConfigurationList section */
		5871C0EA2BFB438B002C0940 /* Build configuration list for PBXProject "ChatPrototype" */ = {
			isa = XCConfigurationList;
			buildConfigurations = (
				5871C1112BFB438E002C0940 /* Debug */,
				5871C1122BFB438E002C0940 /* Release */,
			);
			defaultConfigurationIsVisible = 0;
			defaultConfigurationName = Release;
		};
		5871C1132BFB438E002C0940 /* Build configuration list for PBXNativeTarget "ChatPrototype" */ = {
			isa = XCConfigurationList;
			buildConfigurations = (
				5871C1142BFB438E002C0940 /* Debug */,
				5871C1152BFB438E002C0940 /* Release */,
			);
			defaultConfigurationIsVisible = 0;
			defaultConfigurationName = Release;
		};
		5871C1162BFB438E002C0940 /* Build configuration list for PBXNativeTarget "ChatPrototypeTests" */ = {
			isa = XCConfigurationList;
			buildConfigurations = (
				5871C1172BFB438E002C0940 /* Debug */,
				5871C1182BFB438E002C0940 /* Release */,
			);
			defaultConfigurationIsVisible = 0;
			defaultConfigurationName = Release;
		};
		5871C1192BFB438E002C0940 /* Build configuration list for PBXNativeTarget "ChatPrototypeUITests" */ = {
			isa = XCConfigurationList;
			buildConfigurations = (
				5871C11A2BFB438E002C0940 /* Debug */,
				5871C11B2BFB438E002C0940 /* Release */,
			);
			defaultConfigurationIsVisible = 0;
			defaultConfigurationName = Release;
		};
/* End XCConfigurationList section */
	};
	rootObject = 5871C0E72BFB438B002C0940 /* Project object */;
}
